// !$*UTF8*$!
{
	archiveVersion = 1;
	classes = {
	};
	objectVersion = 46;
	objects = {

/* Begin PBXBuildFile section */
		1FDB69B21D6DBECC00A40B99 /* WebUIViewController.swift in Sources */ = {isa = PBXBuildFile; fileRef = 1FDB69B11D6DBECC00A40B99 /* WebUIViewController.swift */; };
		2C289FD21D5D268D009D0C2E /* TwetTabBarController.swift in Sources */ = {isa = PBXBuildFile; fileRef = 2C289FD11D5D268D009D0C2E /* TwetTabBarController.swift */; };
		2C3365AA1D57D4F300E395DD /* MediaViewController.swift in Sources */ = {isa = PBXBuildFile; fileRef = 2C3365A91D57D4F300E395DD /* MediaViewController.swift */; };
		2C5E06DF1D5E24DF00A36BBF /* SearhKeywordsTableViewController.swift in Sources */ = {isa = PBXBuildFile; fileRef = 2C5E06DE1D5E24DF00A36BBF /* SearhKeywordsTableViewController.swift */; };
		2C5E06E11D5E25EB00A36BBF /* SearchKeywordTableViewCell.swift in Sources */ = {isa = PBXBuildFile; fileRef = 2C5E06E01D5E25EB00A36BBF /* SearchKeywordTableViewCell.swift */; };
		2CC8FAE81D4FDF080051B898 /* TweetMentionsTableViewController.swift in Sources */ = {isa = PBXBuildFile; fileRef = 2CC8FAE71D4FDF080051B898 /* TweetMentionsTableViewController.swift */; };
		2CC8FAEE1D4FE7C50051B898 /* TweetTextMentionTableViewCell.swift in Sources */ = {isa = PBXBuildFile; fileRef = 2CC8FAED1D4FE7C50051B898 /* TweetTextMentionTableViewCell.swift */; };
		2CC8FAF01D4FE7EB0051B898 /* TweetImageMentionTableViewCell.swift in Sources */ = {isa = PBXBuildFile; fileRef = 2CC8FAEF1D4FE7EB0051B898 /* TweetImageMentionTableViewCell.swift */; };
		2CDCA7C71D6E3CE300779977 /* Twitter.framework in Frameworks */ = {isa = PBXBuildFile; fileRef = 2CDCA7C61D6E3CE300779977 /* Twitter.framework */; };
		2CDCA7C81D6E3CE300779977 /* Twitter.framework in Embed Frameworks */ = {isa = PBXBuildFile; fileRef = 2CDCA7C61D6E3CE300779977 /* Twitter.framework */; settings = {ATTRIBUTES = (CodeSignOnCopy, RemoveHeadersOnCopy, ); }; };
		6EDBFE7B1D3E2BDF004E82A0 /* AppDelegate.swift in Sources */ = {isa = PBXBuildFile; fileRef = 6EDBFE7A1D3E2BDF004E82A0 /* AppDelegate.swift */; };
		6EDBFE801D3E2BE0004E82A0 /* Main.storyboard in Resources */ = {isa = PBXBuildFile; fileRef = 6EDBFE7E1D3E2BE0004E82A0 /* Main.storyboard */; };
		6EDBFE821D3E2BE0004E82A0 /* Assets.xcassets in Resources */ = {isa = PBXBuildFile; fileRef = 6EDBFE811D3E2BE0004E82A0 /* Assets.xcassets */; };
		6EDBFE851D3E2BE0004E82A0 /* LaunchScreen.storyboard in Resources */ = {isa = PBXBuildFile; fileRef = 6EDBFE831D3E2BE0004E82A0 /* LaunchScreen.storyboard */; };
		6EDBFE8E1D3E2D2C004E82A0 /* TweetTableViewController.swift in Sources */ = {isa = PBXBuildFile; fileRef = 6EDBFE8D1D3E2D2C004E82A0 /* TweetTableViewController.swift */; };
		6EDEFFE51D3F6B0A00AB40EC /* TweetTableViewCell.swift in Sources */ = {isa = PBXBuildFile; fileRef = 6EDEFFE41D3F6B0A00AB40EC /* TweetTableViewCell.swift */; };
/* End PBXBuildFile section */

/* Begin PBXCopyFilesBuildPhase section */
		2C65CBB21D4AA1AE00DBBFA0 /* Embed Frameworks */ = {
			isa = PBXCopyFilesBuildPhase;
			buildActionMask = 2147483647;
			dstPath = "";
			dstSubfolderSpec = 10;
			files = (
				2CDCA7C81D6E3CE300779977 /* Twitter.framework in Embed Frameworks */,
			);
			name = "Embed Frameworks";
			runOnlyForDeploymentPostprocessing = 0;
		};
/* End PBXCopyFilesBuildPhase section */

/* Begin PBXFileReference section */
		1FDB69B11D6DBECC00A40B99 /* WebUIViewController.swift */ = {isa = PBXFileReference; fileEncoding = 4; lastKnownFileType = sourcecode.swift; path = WebUIViewController.swift; sourceTree = "<group>"; };
		2C289FD11D5D268D009D0C2E /* TwetTabBarController.swift */ = {isa = PBXFileReference; fileEncoding = 4; lastKnownFileType = sourcecode.swift; path = TwetTabBarController.swift; sourceTree = "<group>"; };
		2C3365A91D57D4F300E395DD /* MediaViewController.swift */ = {isa = PBXFileReference; fileEncoding = 4; lastKnownFileType = sourcecode.swift; path = MediaViewController.swift; sourceTree = "<group>"; };
		2C5E06DE1D5E24DF00A36BBF /* SearhKeywordsTableViewController.swift */ = {isa = PBXFileReference; fileEncoding = 4; lastKnownFileType = sourcecode.swift; path = SearhKeywordsTableViewController.swift; sourceTree = "<group>"; };
		2C5E06E01D5E25EB00A36BBF /* SearchKeywordTableViewCell.swift */ = {isa = PBXFileReference; fileEncoding = 4; lastKnownFileType = sourcecode.swift; path = SearchKeywordTableViewCell.swift; sourceTree = "<group>"; };
		2CC8FAE71D4FDF080051B898 /* TweetMentionsTableViewController.swift */ = {isa = PBXFileReference; fileEncoding = 4; lastKnownFileType = sourcecode.swift; path = TweetMentionsTableViewController.swift; sourceTree = "<group>"; };
		2CC8FAED1D4FE7C50051B898 /* TweetTextMentionTableViewCell.swift */ = {isa = PBXFileReference; fileEncoding = 4; lastKnownFileType = sourcecode.swift; path = TweetTextMentionTableViewCell.swift; sourceTree = "<group>"; };
		2CC8FAEF1D4FE7EB0051B898 /* TweetImageMentionTableViewCell.swift */ = {isa = PBXFileReference; fileEncoding = 4; lastKnownFileType = sourcecode.swift; path = TweetImageMentionTableViewCell.swift; sourceTree = "<group>"; };
		2CDCA7C61D6E3CE300779977 /* Twitter.framework */ = {isa = PBXFileReference; explicitFileType = wrapper.framework; name = Twitter.framework; path = "/Users/ivan/Library/Developer/Xcode/DerivedData/SmashtagWorkspace-dxehsbjanpdphxdubwqnvgxvmylb/Build/Products/Debug-iphonesimulator/Twitter.framework"; sourceTree = "<absolute>"; };
		6EDBFE771D3E2BDF004E82A0 /* Smashtag.app */ = {isa = PBXFileReference; explicitFileType = wrapper.application; includeInIndex = 0; path = Smashtag.app; sourceTree = BUILT_PRODUCTS_DIR; };
		6EDBFE7A1D3E2BDF004E82A0 /* AppDelegate.swift */ = {isa = PBXFileReference; lastKnownFileType = sourcecode.swift; path = AppDelegate.swift; sourceTree = "<group>"; };
		6EDBFE7F1D3E2BE0004E82A0 /* Base */ = {isa = PBXFileReference; lastKnownFileType = file.storyboard; name = Base; path = Base.lproj/Main.storyboard; sourceTree = "<group>"; };
		6EDBFE811D3E2BE0004E82A0 /* Assets.xcassets */ = {isa = PBXFileReference; lastKnownFileType = folder.assetcatalog; path = Assets.xcassets; sourceTree = "<group>"; };
		6EDBFE841D3E2BE0004E82A0 /* Base */ = {isa = PBXFileReference; lastKnownFileType = file.storyboard; name = Base; path = Base.lproj/LaunchScreen.storyboard; sourceTree = "<group>"; };
		6EDBFE861D3E2BE0004E82A0 /* Info.plist */ = {isa = PBXFileReference; lastKnownFileType = text.plist.xml; path = Info.plist; sourceTree = "<group>"; };
		6EDBFE8D1D3E2D2C004E82A0 /* TweetTableViewController.swift */ = {isa = PBXFileReference; fileEncoding = 4; lastKnownFileType = sourcecode.swift; path = TweetTableViewController.swift; sourceTree = "<group>"; };
		6EDEFFE41D3F6B0A00AB40EC /* TweetTableViewCell.swift */ = {isa = PBXFileReference; fileEncoding = 4; lastKnownFileType = sourcecode.swift; path = TweetTableViewCell.swift; sourceTree = "<group>"; };
/* End PBXFileReference section */

/* Begin PBXFrameworksBuildPhase section */
		6EDBFE741D3E2BDF004E82A0 /* Frameworks */ = {
			isa = PBXFrameworksBuildPhase;
			buildActionMask = 2147483647;
			files = (
				2CDCA7C71D6E3CE300779977 /* Twitter.framework in Frameworks */,
			);
			runOnlyForDeploymentPostprocessing = 0;
		};
/* End PBXFrameworksBuildPhase section */

/* Begin PBXGroup section */
		6EDBFE6E1D3E2BDE004E82A0 = {
			isa = PBXGroup;
			children = (
				2CDCA7C61D6E3CE300779977 /* Twitter.framework */,
				6EDBFE791D3E2BDF004E82A0 /* Smashtag */,
				6EDBFE781D3E2BDF004E82A0 /* Products */,
			);
			sourceTree = "<group>";
		};
		6EDBFE781D3E2BDF004E82A0 /* Products */ = {
			isa = PBXGroup;
			children = (
				6EDBFE771D3E2BDF004E82A0 /* Smashtag.app */,
			);
			name = Products;
			sourceTree = "<group>";
		};
		6EDBFE791D3E2BDF004E82A0 /* Smashtag */ = {
			isa = PBXGroup;
			children = (
				6EDBFE8C1D3E2C39004E82A0 /* Supporting Files */,
				6EDBFE7E1D3E2BE0004E82A0 /* Main.storyboard */,
				6EDEFFE41D3F6B0A00AB40EC /* TweetTableViewCell.swift */,
				6EDBFE8D1D3E2D2C004E82A0 /* TweetTableViewController.swift */,
				2CC8FAE71D4FDF080051B898 /* TweetMentionsTableViewController.swift */,
				2CC8FAED1D4FE7C50051B898 /* TweetTextMentionTableViewCell.swift */,
				2CC8FAEF1D4FE7EB0051B898 /* TweetImageMentionTableViewCell.swift */,
				2C3365A91D57D4F300E395DD /* MediaViewController.swift */,
				2C289FD11D5D268D009D0C2E /* TwetTabBarController.swift */,
				2C5E06DE1D5E24DF00A36BBF /* SearhKeywordsTableViewController.swift */,
				2C5E06E01D5E25EB00A36BBF /* SearchKeywordTableViewCell.swift */,
				1FDB69B11D6DBECC00A40B99 /* WebUIViewController.swift */,
			);
			path = Smashtag;
			sourceTree = "<group>";
		};
		6EDBFE8C1D3E2C39004E82A0 /* Supporting Files */ = {
			isa = PBXGroup;
			children = (
				6EDBFE7A1D3E2BDF004E82A0 /* AppDelegate.swift */,
				6EDBFE811D3E2BE0004E82A0 /* Assets.xcassets */,
				6EDBFE831D3E2BE0004E82A0 /* LaunchScreen.storyboard */,
				6EDBFE861D3E2BE0004E82A0 /* Info.plist */,
			);
			name = "Supporting Files";
			sourceTree = "<group>";
		};
/* End PBXGroup section */

/* Begin PBXNativeTarget section */
		6EDBFE761D3E2BDF004E82A0 /* Smashtag */ = {
			isa = PBXNativeTarget;
			buildConfigurationList = 6EDBFE891D3E2BE0004E82A0 /* Build configuration list for PBXNativeTarget "Smashtag" */;
			buildPhases = (
				6EDBFE731D3E2BDF004E82A0 /* Sources */,
				6EDBFE741D3E2BDF004E82A0 /* Frameworks */,
				6EDBFE751D3E2BDF004E82A0 /* Resources */,
				2C65CBB21D4AA1AE00DBBFA0 /* Embed Frameworks */,
			);
			buildRules = (
			);
			dependencies = (
			);
			name = Smashtag;
			productName = Smashtag;
			productReference = 6EDBFE771D3E2BDF004E82A0 /* Smashtag.app */;
			productType = "com.apple.product-type.application";
		};
/* End PBXNativeTarget section */

/* Begin PBXProject section */
		6EDBFE6F1D3E2BDE004E82A0 /* Project object */ = {
			isa = PBXProject;
			attributes = {
				LastSwiftUpdateCheck = 0730;
				LastUpgradeCheck = 0730;
				ORGANIZATIONNAME = "Ivan Lazarev";
				TargetAttributes = {
					6EDBFE761D3E2BDF004E82A0 = {
						CreatedOnToolsVersion = 7.3.1;
						DevelopmentTeam = 9LU8U6NNWA;
					};
				};
			};
			buildConfigurationList = 6EDBFE721D3E2BDE004E82A0 /* Build configuration list for PBXProject "Smashtag" */;
			compatibilityVersion = "Xcode 3.2";
			developmentRegion = English;
			hasScannedForEncodings = 0;
			knownRegions = (
				en,
				Base,
			);
			mainGroup = 6EDBFE6E1D3E2BDE004E82A0;
			productRefGroup = 6EDBFE781D3E2BDF004E82A0 /* Products */;
			projectDirPath = "";
			projectRoot = "";
			targets = (
				6EDBFE761D3E2BDF004E82A0 /* Smashtag */,
			);
		};
/* End PBXProject section */

/* Begin PBXResourcesBuildPhase section */
		6EDBFE751D3E2BDF004E82A0 /* Resources */ = {
			isa = PBXResourcesBuildPhase;
			buildActionMask = 2147483647;
			files = (
				6EDBFE851D3E2BE0004E82A0 /* LaunchScreen.storyboard in Resources */,
				6EDBFE821D3E2BE0004E82A0 /* Assets.xcassets in Resources */,
				6EDBFE801D3E2BE0004E82A0 /* Main.storyboard in Resources */,
			);
			runOnlyForDeploymentPostprocessing = 0;
		};
/* End PBXResourcesBuildPhase section */

/* Begin PBXSourcesBuildPhase section */
		6EDBFE731D3E2BDF004E82A0 /* Sources */ = {
			isa = PBXSourcesBuildPhase;
			buildActionMask = 2147483647;
			files = (
				2C5E06E11D5E25EB00A36BBF /* SearchKeywordTableViewCell.swift in Sources */,
				6EDBFE7B1D3E2BDF004E82A0 /* AppDelegate.swift in Sources */,
				2C289FD21D5D268D009D0C2E /* TwetTabBarController.swift in Sources */,
				2C3365AA1D57D4F300E395DD /* MediaViewController.swift in Sources */,
				6EDBFE8E1D3E2D2C004E82A0 /* TweetTableViewController.swift in Sources */,
				1FDB69B21D6DBECC00A40B99 /* WebUIViewController.swift in Sources */,
				2CC8FAE81D4FDF080051B898 /* TweetMentionsTableViewController.swift in Sources */,
				2C5E06DF1D5E24DF00A36BBF /* SearhKeywordsTableViewController.swift in Sources */,
				6EDEFFE51D3F6B0A00AB40EC /* TweetTableViewCell.swift in Sources */,
				2CC8FAF01D4FE7EB0051B898 /* TweetImageMentionTableViewCell.swift in Sources */,
				2CC8FAEE1D4FE7C50051B898 /* TweetTextMentionTableViewCell.swift in Sources */,
			);
			runOnlyForDeploymentPostprocessing = 0;
		};
/* End PBXSourcesBuildPhase section */

/* Begin PBXVariantGroup section */
		6EDBFE7E1D3E2BE0004E82A0 /* Main.storyboard */ = {
			isa = PBXVariantGroup;
			children = (
				6EDBFE7F1D3E2BE0004E82A0 /* Base */,
			);
			name = Main.storyboard;
			sourceTree = "<group>";
		};
		6EDBFE831D3E2BE0004E82A0 /* LaunchScreen.storyboard */ = {
			isa = PBXVariantGroup;
			children = (
				6EDBFE841D3E2BE0004E82A0 /* Base */,
			);
			name = LaunchScreen.storyboard;
			sourceTree = "<group>";
		};
/* End PBXVariantGroup section */

/* Begin XCBuildConfiguration section */
		6EDBFE871D3E2BE0004E82A0 /* Debug */ = {
			isa = XCBuildConfiguration;
			buildSettings = {
				ALWAYS_SEARCH_USER_PATHS = NO;
				CLANG_ANALYZER_NONNULL = YES;
				CLANG_CXX_LANGUAGE_STANDARD = "gnu++0x";
				CLANG_CXX_LIBRARY = "libc++";
				CLANG_ENABLE_MODULES = YES;
				CLANG_ENABLE_OBJC_ARC = YES;
				CLANG_WARN_BOOL_CONVERSION = YES;
				CLANG_WARN_CONSTANT_CONVERSION = YES;
				CLANG_WARN_DIRECT_OBJC_ISA_USAGE = YES_ERROR;
				CLANG_WARN_EMPTY_BODY = YES;
				CLANG_WARN_ENUM_CONVERSION = YES;
				CLANG_WARN_INT_CONVERSION = YES;
				CLANG_WARN_OBJC_ROOT_CLASS = YES_ERROR;
				CLANG_WARN_UNREACHABLE_CODE = YES;
				CLANG_WARN__DUPLICATE_METHOD_MATCH = YES;
				"CODE_SIGN_IDENTITY[sdk=iphoneos*]" = "iPhone Developer";
				COPY_PHASE_STRIP = NO;
				DEBUG_INFORMATION_FORMAT = dwarf;
				ENABLE_STRICT_OBJC_MSGSEND = YES;
				ENABLE_TESTABILITY = YES;
				GCC_C_LANGUAGE_STANDARD = gnu99;
				GCC_DYNAMIC_NO_PIC = NO;
				GCC_NO_COMMON_BLOCKS = YES;
				GCC_OPTIMIZATION_LEVEL = 0;
				GCC_PREPROCESSOR_DEFINITIONS = (
					"DEBUG=1",
					"$(inherited)",
				);
				GCC_WARN_64_TO_32_BIT_CONVERSION = YES;
				GCC_WARN_ABOUT_RETURN_TYPE = YES_ERROR;
				GCC_WARN_UNDECLARED_SELECTOR = YES;
				GCC_WARN_UNINITIALIZED_AUTOS = YES_AGGRESSIVE;
				GCC_WARN_UNUSED_FUNCTION = YES;
				GCC_WARN_UNUSED_VARIABLE = YES;
				IPHONEOS_DEPLOYMENT_TARGET = 9.3;
				MTL_ENABLE_DEBUG_INFO = YES;
				ONLY_ACTIVE_ARCH = YES;
				SDKROOT = iphoneos;
				SWIFT_OPTIMIZATION_LEVEL = "-Onone";
			};
			name = Debug;
		};
		6EDBFE881D3E2BE0004E82A0 /* Release */ = {
			isa = XCBuildConfiguration;
			buildSettings = {
				ALWAYS_SEARCH_USER_PATHS = NO;
				CLANG_ANALYZER_NONNULL = YES;
				CLANG_CXX_LANGUAGE_STANDARD = "gnu++0x";
				CLANG_CXX_LIBRARY = "libc++";
				CLANG_ENABLE_MODULES = YES;
				CLANG_ENABLE_OBJC_ARC = YES;
				CLANG_WARN_BOOL_CONVERSION = YES;
				CLANG_WARN_CONSTANT_CONVERSION = YES;
				CLANG_WARN_DIRECT_OBJC_ISA_USAGE = YES_ERROR;
				CLANG_WARN_EMPTY_BODY = YES;
				CLANG_WARN_ENUM_CONVERSION = YES;
				CLANG_WARN_INT_CONVERSION = YES;
				CLANG_WARN_OBJC_ROOT_CLASS = YES_ERROR;
				CLANG_WARN_UNREACHABLE_CODE = YES;
				CLANG_WARN__DUPLICATE_METHOD_MATCH = YES;
				"CODE_SIGN_IDENTITY[sdk=iphoneos*]" = "iPhone Developer";
				COPY_PHASE_STRIP = NO;
				DEBUG_INFORMATION_FORMAT = "dwarf-with-dsym";
				ENABLE_NS_ASSERTIONS = NO;
				ENABLE_STRICT_OBJC_MSGSEND = YES;
				GCC_C_LANGUAGE_STANDARD = gnu99;
				GCC_NO_COMMON_BLOCKS = YES;
				GCC_WARN_64_TO_32_BIT_CONVERSION = YES;
				GCC_WARN_ABOUT_RETURN_TYPE = YES_ERROR;
				GCC_WARN_UNDECLARED_SELECTOR = YES;
				GCC_WARN_UNINITIALIZED_AUTOS = YES_AGGRESSIVE;
				GCC_WARN_UNUSED_FUNCTION = YES;
				GCC_WARN_UNUSED_VARIABLE = YES;
				IPHONEOS_DEPLOYMENT_TARGET = 9.3;
				MTL_ENABLE_DEBUG_INFO = NO;
				SDKROOT = iphoneos;
				VALIDATE_PRODUCT = YES;
			};
			name = Release;
		};
		6EDBFE8A1D3E2BE0004E82A0 /* Debug */ = {
			isa = XCBuildConfiguration;
			buildSettings = {
				ASSETCATALOG_COMPILER_APPICON_NAME = AppIcon;
				CODE_SIGN_IDENTITY = "iPhone Developer";
				INFOPLIST_FILE = Smashtag/Info.plist;
				LD_RUNPATH_SEARCH_PATHS = "$(inherited) @executable_path/Frameworks";
				PRODUCT_BUNDLE_IDENTIFIER = itc.Smashtag;
				PRODUCT_NAME = "$(TARGET_NAME)";
			};
			name = Debug;
		};
		6EDBFE8B1D3E2BE0004E82A0 /* Release */ = {
			isa = XCBuildConfiguration;
			buildSettings = {
				ASSETCATALOG_COMPILER_APPICON_NAME = AppIcon;
				CODE_SIGN_IDENTITY = "iPhone Developer";
				INFOPLIST_FILE = Smashtag/Info.plist;
				LD_RUNPATH_SEARCH_PATHS = "$(inherited) @executable_path/Frameworks";
				PRODUCT_BUNDLE_IDENTIFIER = itc.Smashtag;
				PRODUCT_NAME = "$(TARGET_NAME)";
			};
			name = Release;
		};
/* End XCBuildConfiguration section */

/* Begin XCConfigurationList section */
		6EDBFE721D3E2BDE004E82A0 /* Build configuration list for PBXProject "Smashtag" */ = {
			isa = XCConfigurationList;
			buildConfigurations = (
				6EDBFE871D3E2BE0004E82A0 /* Debug */,
				6EDBFE881D3E2BE0004E82A0 /* Release */,
			);
			defaultConfigurationIsVisible = 0;
			defaultConfigurationName = Release;
		};
		6EDBFE891D3E2BE0004E82A0 /* Build configuration list for PBXNativeTarget "Smashtag" */ = {
			isa = XCConfigurationList;
			buildConfigurations = (
				6EDBFE8A1D3E2BE0004E82A0 /* Debug */,
				6EDBFE8B1D3E2BE0004E82A0 /* Release */,
			);
			defaultConfigurationIsVisible = 0;
			defaultConfigurationName = Release;
		};
/* End XCConfigurationList section */
	};
	rootObject = 6EDBFE6F1D3E2BDE004E82A0 /* Project object */;
}
